
Microsoft Visual Studio Solution File, Format Version 12.00
# Visual Studio Version 17
VisualStudioVersion = 17.10.35004.147
MinimumVisualStudioVersion = 10.0.40219.1
Project("{9A19103F-16F7-4668-BE54-9A1E7A4F7556}") = "BallGamesWinFormsApp", "BallGamesWinFormsApp\BallGamesWinFormsApp.csproj", "{D9D996C8-99BD-4973-BFEA-3A0025C30353}"
EndProject
Project("{9A19103F-16F7-4668-BE54-9A1E7A4F7556}") = "CatchMe2WinFormsApp", "CatchMe2WinFormsApp\CatchMe2WinFormsApp.csproj", "{7A0E7D69-9A38-475A-A30A-A9ED45F78D75}"
EndProject
Project("{9A19103F-16F7-4668-BE54-9A1E7A4F7556}") = "Balls.Common", "Balls.Common\Balls.Common.csproj", "{5E03810B-D057-4CC3-8CB5-0D5C04CD8263}"
EndProject
Project("{9A19103F-16F7-4668-BE54-9A1E7A4F7556}") = "BillyardBallsWinFormsApp", "BillyardBallsWinFormsApp\BillyardBallsWinFormsApp.csproj", "{5DA343C8-982A-4058-8285-D6B08B5CC61F}"
EndProject
Project("{9A19103F-16F7-4668-BE54-9A1E7A4F7556}") = "SalutWinFormsApp", "SalutWinFormsApp\SalutWinFormsApp.csproj", "{292BB9FB-4C7A-43F8-B6D5-0F213CE77D45}"
EndProject
Project("{9A19103F-16F7-4668-BE54-9A1E7A4F7556}") = "FruitNinjaWinFormsApp", "FruitNinjaWinFormsApp\FruitNinjaWinFormsApp.csproj", "{3425CC4C-BC26-4EEF-9065-B10F975BC917}"
EndProject
Project("{FAE04EC0-301F-11D3-BF4B-00C04F79EFBC}") = "AngryBirdsWinFormsApp", "AngryBirdsWinFormsApp\AngryBirdsWinFormsApp.csproj", "{BA725C4A-CB08-442E-8D78-B77C86182E61}"
EndProject
Global
	GlobalSection(SolutionConfigurationPlatforms) = preSolution
		Debug|Any CPU = Debug|Any CPU
		Release|Any CPU = Release|Any CPU
	EndGlobalSection
	GlobalSection(ProjectConfigurationPlatforms) = postSolution
		{D9D996C8-99BD-4973-BFEA-3A0025C30353}.Debug|Any CPU.ActiveCfg = Debug|Any CPU
		{D9D996C8-99BD-4973-BFEA-3A0025C30353}.Debug|Any CPU.Build.0 = Debug|Any CPU
		{D9D996C8-99BD-4973-BFEA-3A0025C30353}.Release|Any CPU.ActiveCfg = Release|Any CPU
		{D9D996C8-99BD-4973-BFEA-3A0025C30353}.Release|Any CPU.Build.0 = Release|Any CPU
		{7A0E7D69-9A38-475A-A30A-A9ED45F78D75}.Debug|Any CPU.ActiveCfg = Debug|Any CPU
		{7A0E7D69-9A38-475A-A30A-A9ED45F78D75}.Debug|Any CPU.Build.0 = Debug|Any CPU
		{7A0E7D69-9A38-475A-A30A-A9ED45F78D75}.Release|Any CPU.ActiveCfg = Release|Any CPU
		{7A0E7D69-9A38-475A-A30A-A9ED45F78D75}.Release|Any CPU.Build.0 = Release|Any CPU
		{5E03810B-D057-4CC3-8CB5-0D5C04CD8263}.Debug|Any CPU.ActiveCfg = Debug|Any CPU
		{5E03810B-D057-4CC3-8CB5-0D5C04CD8263}.Debug|Any CPU.Build.0 = Debug|Any CPU
		{5E03810B-D057-4CC3-8CB5-0D5C04CD8263}.Release|Any CPU.ActiveCfg = Release|Any CPU
		{5E03810B-D057-4CC3-8CB5-0D5C04CD8263}.Release|Any CPU.Build.0 = Release|Any CPU
		{5DA343C8-982A-4058-8285-D6B08B5CC61F}.Debug|Any CPU.ActiveCfg = Debug|Any CPU
		{5DA343C8-982A-4058-8285-D6B08B5CC61F}.Debug|Any CPU.Build.0 = Debug|Any CPU
		{5DA343C8-982A-4058-8285-D6B08B5CC61F}.Release|Any CPU.ActiveCfg = Release|Any CPU
		{5DA343C8-982A-4058-8285-D6B08B5CC61F}.Release|Any CPU.Build.0 = Release|Any CPU
		{292BB9FB-4C7A-43F8-B6D5-0F213CE77D45}.Debug|Any CPU.ActiveCfg = Debug|Any CPU
		{292BB9FB-4C7A-43F8-B6D5-0F213CE77D45}.Debug|Any CPU.Build.0 = Debug|Any CPU
		{292BB9FB-4C7A-43F8-B6D5-0F213CE77D45}.Release|Any CPU.ActiveCfg = Release|Any CPU
		{292BB9FB-4C7A-43F8-B6D5-0F213CE77D45}.Release|Any CPU.Build.0 = Release|Any CPU
		{3425CC4C-BC26-4EEF-9065-B10F975BC917}.Debug|Any CPU.ActiveCfg = Debug|Any CPU
		{3425CC4C-BC26-4EEF-9065-B10F975BC917}.Debug|Any CPU.Build.0 = Debug|Any CPU
		{3425CC4C-BC26-4EEF-9065-B10F975BC917}.Release|Any CPU.ActiveCfg = Release|Any CPU
		{3425CC4C-BC26-4EEF-9065-B10F975BC917}.Release|Any CPU.Build.0 = Release|Any CPU
		{BA725C4A-CB08-442E-8D78-B77C86182E61}.Debug|Any CPU.ActiveCfg = Debug|Any CPU
		{BA725C4A-CB08-442E-8D78-B77C86182E61}.Debug|Any CPU.Build.0 = Debug|Any CPU
		{BA725C4A-CB08-442E-8D78-B77C86182E61}.Release|Any CPU.ActiveCfg = Release|Any CPU
		{BA725C4A-CB08-442E-8D78-B77C86182E61}.Release|Any CPU.Build.0 = Release|Any CPU
	EndGlobalSection
	GlobalSection(SolutionProperties) = preSolution
		HideSolutionNode = FALSE
	EndGlobalSection
	GlobalSection(ExtensibilityGlobals) = postSolution
		SolutionGuid = {9620C335-1552-40BB-9741-D7225C855A49}
	EndGlobalSection
EndGlobal
